
Microsoft Visual Studio Solution File, Format Version 12.00
# Visual Studio Version 16
VisualStudioVersion = 16.0.30503.244
MinimumVisualStudioVersion = 10.0.40219.1
Project("{FAE04EC0-301F-11D3-BF4B-00C04F79EFBC}") = "MissingNumberAndRepeatingNumber", "MissingNumberAndRepeatingNumber\MissingNumberAndRepeatingNumber.csproj", "{B951AA52-5FF0-42C1-8C3E-0485AAD8E253}"
EndProject
Global
	GlobalSection(SolutionConfigurationPlatforms) = preSolution
		Debug|Any CPU = Debug|Any CPU
		Release|Any CPU = Release|Any CPU
	EndGlobalSection
	GlobalSection(ProjectConfigurationPlatforms) = postSolution
		{B951AA52-5FF0-42C1-8C3E-0485AAD8E253}.Debug|Any CPU.ActiveCfg = Debug|Any CPU
		{B951AA52-5FF0-42C1-8C3E-0485AAD8E253}.Debug|Any CPU.Build.0 = Debug|Any CPU
		{B951AA52-5FF0-42C1-8C3E-0485AAD8E253}.Release|Any CPU.ActiveCfg = Release|Any CPU
		{B951AA52-5FF0-42C1-8C3E-0485AAD8E253}.Release|Any CPU.Build.0 = Release|Any CPU
	EndGlobalSection
	GlobalSection(SolutionProperties) = preSolution
		HideSolutionNode = FALSE
	EndGlobalSection
	GlobalSection(ExtensibilityGlobals) = postSolution
		SolutionGuid = {5DC628B2-E9BA-4F22-8A54-744CDC6346A3}
	EndGlobalSection
EndGlobal
